# THIS IS AN AUTOGENERATED FILE. DO NOT EDIT THIS FILE DIRECTLY.
# yarn lockfile v1


flow-bin@^0.105.2:
  version "0.105.2"
  resolved "https://registry.yarnpkg.com/flow-bin/-/flow-bin-0.105.2.tgz#9d03d5ae3e1d011e311f309cb8786b3b3695fec2"
  integrity sha512-VCHt0SCjFPviv/Ze/W7AgkcE0uH4TocypSFA8wR3ZH1P7BSjny4l3uhHyOjzU3Qo1i0jO4NyaU6q3Y5IaQ6xng==

nanoevents@^2.0.0:
  version "2.0.0"
  resolved "https://registry.yarnpkg.com/nanoevents/-/nanoevents-2.0.0.tgz#5a6051ebbcdfd67efe94cca0e4a03d616e1a4949"
  integrity sha512-6wRUNwBA07fyeun/xqG1UzmKd3ucgzcxTyaWcqjsNL0PaXy4YAezyHPnMdsPYEsOl/9wyQ85j39rPYF0FNDozQ==
