# THIS IS AN AUTOGENERATED FILE. DO NOT EDIT THIS FILE DIRECTLY.
# yarn lockfile v1


nanoevents@^2.0.0:
  version "2.0.0"
  resolved "https://registry.yarnpkg.com/nanoevents/-/nanoevents-2.0.0.tgz#5a6051ebbcdfd67efe94cca0e4a03d616e1a4949"
  integrity sha512-6wRUNwBA07fyeun/xqG1UzmKd3ucgzcxTyaWcqjsNL0PaXy4YAezyHPnMdsPYEsOl/9wyQ85j39rPYF0FNDozQ==
